
Microsoft Visual Studio Solution File, Format Version 12.00
# Visual Studio Version 16
VisualStudioVersion = 16.0.31129.286
MinimumVisualStudioVersion = 10.0.40219.1
Project("{FAE04EC0-301F-11D3-BF4B-00C04F79EFBC}") = "KeystrokeCounter", "KeystrokeCounter.csproj", "{E0428466-6C53-4424-A241-4A6347216B2C}"
EndProject
Global
	GlobalSection(SolutionConfigurationPlatforms) = preSolution
		Debug|Any CPU = Debug|Any CPU
		Release|Any CPU = Release|Any CPU
	EndGlobalSection
	GlobalSection(ProjectConfigurationPlatforms) = postSolution
		{E0428466-6C53-4424-A241-4A6347216B2C}.Debug|Any CPU.ActiveCfg = Debug|Any CPU
		{E0428466-6C53-4424-A241-4A6347216B2C}.Debug|Any CPU.Build.0 = Debug|Any CPU
		{E0428466-6C53-4424-A241-4A6347216B2C}.Release|Any CPU.ActiveCfg = Release|Any CPU
		{E0428466-6C53-4424-A241-4A6347216B2C}.Release|Any CPU.Build.0 = Release|Any CPU
	EndGlobalSection
	GlobalSection(SolutionProperties) = preSolution
		HideSolutionNode = FALSE
	EndGlobalSection
	GlobalSection(ExtensibilityGlobals) = postSolution
		SolutionGuid = {611A4231-286A-4EFA-B3A2-03E7BF6D9113}
	EndGlobalSection
EndGlobal
